
Microsoft Visual Studio Solution File, Format Version 12.00
# Visual Studio Version 17
VisualStudioVersion = 17.3.32825.248
MinimumVisualStudioVersion = 10.0.40219.1
Project("{FAE04EC0-301F-11D3-BF4B-00C04F79EFBC}") = "AppLogicNet", "AppLogicNet\AppLogicNet.csproj", "{A33A84D5-B182-4F7D-8829-01F2DCDDDAE6}"
EndProject
Global
	GlobalSection(SolutionConfigurationPlatforms) = preSolution
		Debug|Any CPU = Debug|Any CPU
		Release|Any CPU = Release|Any CPU
	EndGlobalSection
	GlobalSection(ProjectConfigurationPlatforms) = postSolution
		{A33A84D5-B182-4F7D-8829-01F2DCDDDAE6}.Debug|Any CPU.ActiveCfg = Debug|Any CPU
		{A33A84D5-B182-4F7D-8829-01F2DCDDDAE6}.Debug|Any CPU.Build.0 = Debug|Any CPU
		{A33A84D5-B182-4F7D-8829-01F2DCDDDAE6}.Release|Any CPU.ActiveCfg = Release|Any CPU
		{A33A84D5-B182-4F7D-8829-01F2DCDDDAE6}.Release|Any CPU.Build.0 = Release|Any CPU
	EndGlobalSection
	GlobalSection(SolutionProperties) = preSolution
		HideSolutionNode = FALSE
	EndGlobalSection
	GlobalSection(ExtensibilityGlobals) = postSolution
		SolutionGuid = {11D9DF33-43E4-46DE-9F64-787D16CED5E2}
	EndGlobalSection
EndGlobal
